# THIS IS AN AUTOGENERATED FILE. DO NOT EDIT THIS FILE DIRECTLY.
# yarn lockfile v1


balanced-match@^1.0.0:
  version "1.0.0"
  resolved "http://registry.npm.taobao.org/balanced-match/download/balanced-match-1.0.0.tgz#89b4d199ab2bee49de164ea02b89ce462d71b767"

brace-expansion@^1.1.7:
  version "1.1.8"
  resolved "http://registry.npm.taobao.org/brace-expansion/download/brace-expansion-1.1.8.tgz#c07b211c7c952ec1f8efd51a77ef0d1d3990a292"
  dependencies:
    balanced-match "^1.0.0"
    concat-map "0.0.1"

commander@~2.12.1:
  version "2.12.2"
  resolved "http://registry.npm.taobao.org/commander/download/commander-2.12.2.tgz#0f5946c427ed9ec0d91a46bb9def53e54650e555"

compare-versions@2.0.1:
  version "2.0.1"
  resolved "http://registry.npm.taobao.org/compare-versions/download/compare-versions-2.0.1.tgz#1edc1f93687fd97a325c59f55e45a07db106aca6"

concat-map@0.0.1:
  version "0.0.1"
  resolved "http://registry.npm.taobao.org/concat-map/download/concat-map-0.0.1.tgz#d8a96bd77fd68df7793a73036a3ba0d5405d477b"

estree-walker@^0.2.1:
  version "0.2.1"
  resolved "http://registry.npm.taobao.org/estree-walker/download/estree-walker-0.2.1.tgz#bdafe8095383d8414d5dc2ecf4c9173b6db9412e"

mime@^1.3.6:
  version "1.6.0"
  resolved "http://registry.npm.taobao.org/mime/download/mime-1.6.0.tgz#32cd9e5c64553bd58d19a568af452acff04981b1"

minimatch@^3.0.2:
  version "3.0.4"
  resolved "http://registry.npm.taobao.org/minimatch/download/minimatch-3.0.4.tgz#5166e286457f03306064be5497e8dbb0c3d32083"
  dependencies:
    brace-expansion "^1.1.7"

object-assign@^4.0.1:
  version "4.1.1"
  resolved "http://registry.npm.taobao.org/object-assign/download/object-assign-4.1.1.tgz#2109adc7965887cfc05cbbd442cac8bfbb360863"

opener@^1.4.3:
  version "1.4.3"
  resolved "http://registry.npm.taobao.org/opener/download/opener-1.4.3.tgz#5c6da2c5d7e5831e8ffa3964950f8d6674ac90b8"

rollup-plugin-serve@^0.4.2:
  version "0.4.2"
  resolved "http://registry.npm.taobao.org/rollup-plugin-serve/download/rollup-plugin-serve-0.4.2.tgz#ca9d2f866b5826460c6b51ce377658f37ddcb144"
  dependencies:
    mime "^1.3.6"
    opener "^1.4.3"

rollup-plugin-typescript@^0.8.1:
  version "0.8.1"
  resolved "http://registry.npm.taobao.org/rollup-plugin-typescript/download/rollup-plugin-typescript-0.8.1.tgz#2ff7eecc21cf6bb2b43fc27e5b688952ce71924a"
  dependencies:
    compare-versions "2.0.1"
    object-assign "^4.0.1"
    rollup-pluginutils "^1.3.1"
    tippex "^2.1.1"
    typescript "^1.8.9"

rollup-plugin-uglify@^2.0.1:
  version "2.0.1"
  resolved "http://registry.npm.taobao.org/rollup-plugin-uglify/download/rollup-plugin-uglify-2.0.1.tgz#67b37ad1efdafbd83af4c36b40c189ee4866c969"
  dependencies:
    uglify-js "^3.0.9"

rollup-pluginutils@^1.3.1:
  version "1.5.2"
  resolved "http://registry.npm.taobao.org/rollup-pluginutils/download/rollup-pluginutils-1.5.2.tgz#1e156e778f94b7255bfa1b3d0178be8f5c552408"
  dependencies:
    estree-walker "^0.2.1"
    minimatch "^3.0.2"

rollup@^0.52.1:
  version "0.52.3"
  resolved "http://registry.npm.taobao.org/rollup/download/rollup-0.52.3.tgz#020d99fffe9619351e47b3894fd397c26f5e1bf6"

source-map@~0.6.1:
  version "0.6.1"
  resolved "http://registry.npm.taobao.org/source-map/download/source-map-0.6.1.tgz#74722af32e9614e9c287a8d0bbde48b5e2f1a263"

tippex@^2.1.1:
  version "2.3.1"
  resolved "http://registry.npm.taobao.org/tippex/download/tippex-2.3.1.tgz#a2fd5b7087d7cbfb20c9806a6c16108c2c0fafda"

typescript@^1.8.9:
  version "1.8.10"
  resolved "http://registry.npm.taobao.org/typescript/download/typescript-1.8.10.tgz#b475d6e0dff0bf50f296e5ca6ef9fbb5c7320f1e"

uglify-es@^3.2.2:
  version "3.2.2"
  resolved "http://registry.npm.taobao.org/uglify-es/download/uglify-es-3.2.2.tgz#15c62b7775002c81b7987a1c49ecd3f126cace73"
  dependencies:
    commander "~2.12.1"
    source-map "~0.6.1"

uglify-js@^3.0.9:
  version "3.2.2"
  resolved "http://registry.npm.taobao.org/uglify-js/download/uglify-js-3.2.2.tgz#870e4b34ed733d179284f9998efd3293f7fd73f6"
  dependencies:
    commander "~2.12.1"
    source-map "~0.6.1"
